
Microsoft Visual Studio Solution File, Format Version 12.00
# Visual Studio Version 16
VisualStudioVersion = 16.0.30709.132
MinimumVisualStudioVersion = 10.0.40219.1
Project("{2150E333-8FDC-42A3-9474-1A3956D46DE8}") = "Doc", "Doc", "{3C4BEC68-9BCF-47ED-882F-FF09ABF0F8FA}"
EndProject
Project("{2150E333-8FDC-42A3-9474-1A3956D46DE8}") = "Src", "Src", "{392D5863-506A-4205-B277-970E86DEA8DF}"
EndProject
Project("{2150E333-8FDC-42A3-9474-1A3956D46DE8}") = "Test", "Test", "{C0E9C848-A0D0-40D0-9BFE-903E216A9D65}"
EndProject
Project("{2150E333-8FDC-42A3-9474-1A3956D46DE8}") = "Core", "Core", "{FF697EA5-527C-415F-AD26-DDDC4A91FB79}"
EndProject
Project("{2150E333-8FDC-42A3-9474-1A3956D46DE8}") = "Infrastructure", "Infrastructure", "{49D8FAF4-7D31-4EB6-996B-DA0E6C4DC63C}"
EndProject
Project("{2150E333-8FDC-42A3-9474-1A3956D46DE8}") = "Common", "Common", "{8F8A8D58-B1FA-424A-9AAB-2018D43A4D41}"
EndProject
Project("{9A19103F-16F7-4668-BE54-9A1E7A4F7556}") = "Phoenix_Store.Domain", "Phoenix_Store.Domain\Phoenix_Store.Domain.csproj", "{E2834B32-080B-4A9E-AEAA-FBCCA9FDDB4D}"
EndProject
Project("{9A19103F-16F7-4668-BE54-9A1E7A4F7556}") = "Phoenix_Store.Application", "Phoenix_Store.Application\Phoenix_Store.Application.csproj", "{CEF181C3-BE83-4399-9D91-DEEF10FC0FED}"
EndProject
Project("{9A19103F-16F7-4668-BE54-9A1E7A4F7556}") = "Phoenix_Store.Infrastructure", "Phoenix_Store.Infrastructure\Phoenix_Store.Infrastructure.csproj", "{AF1B8053-1EF1-4994-B27F-F9C5FC9E1B26}"
EndProject
Project("{9A19103F-16F7-4668-BE54-9A1E7A4F7556}") = "Phoenix_Store.Persistence", "Phoenix_Store.Persistence\Phoenix_Store.Persistence.csproj", "{0BC68D05-1DBF-4318-A6EA-573CCF387C63}"
EndProject
Project("{9A19103F-16F7-4668-BE54-9A1E7A4F7556}") = "Phoenix_Store.Common", "Phoenix_Store.Common\Phoenix_Store.Common.csproj", "{1DC3CCB3-FBF3-43F9-A683-89C5313978BF}"
EndProject
Project("{2150E333-8FDC-42A3-9474-1A3956D46DE8}") = "Presentation", "Presentation", "{5E63EB36-5300-4E49-9A92-162CDAF0C5C1}"
EndProject
Project("{9A19103F-16F7-4668-BE54-9A1E7A4F7556}") = "EndPoint.Site", "EndPoint.Site\EndPoint.Site.csproj", "{2AA2A70F-C7A2-4BDF-ADD3-B0333332A3F4}"
EndProject
Global
	GlobalSection(SolutionConfigurationPlatforms) = preSolution
		Debug|Any CPU = Debug|Any CPU
		Release|Any CPU = Release|Any CPU
	EndGlobalSection
	GlobalSection(ProjectConfigurationPlatforms) = postSolution
		{E2834B32-080B-4A9E-AEAA-FBCCA9FDDB4D}.Debug|Any CPU.ActiveCfg = Debug|Any CPU
		{E2834B32-080B-4A9E-AEAA-FBCCA9FDDB4D}.Debug|Any CPU.Build.0 = Debug|Any CPU
		{E2834B32-080B-4A9E-AEAA-FBCCA9FDDB4D}.Release|Any CPU.ActiveCfg = Release|Any CPU
		{E2834B32-080B-4A9E-AEAA-FBCCA9FDDB4D}.Release|Any CPU.Build.0 = Release|Any CPU
		{CEF181C3-BE83-4399-9D91-DEEF10FC0FED}.Debug|Any CPU.ActiveCfg = Debug|Any CPU
		{CEF181C3-BE83-4399-9D91-DEEF10FC0FED}.Debug|Any CPU.Build.0 = Debug|Any CPU
		{CEF181C3-BE83-4399-9D91-DEEF10FC0FED}.Release|Any CPU.ActiveCfg = Release|Any CPU
		{CEF181C3-BE83-4399-9D91-DEEF10FC0FED}.Release|Any CPU.Build.0 = Release|Any CPU
		{AF1B8053-1EF1-4994-B27F-F9C5FC9E1B26}.Debug|Any CPU.ActiveCfg = Debug|Any CPU
		{AF1B8053-1EF1-4994-B27F-F9C5FC9E1B26}.Debug|Any CPU.Build.0 = Debug|Any CPU
		{AF1B8053-1EF1-4994-B27F-F9C5FC9E1B26}.Release|Any CPU.ActiveCfg = Release|Any CPU
		{AF1B8053-1EF1-4994-B27F-F9C5FC9E1B26}.Release|Any CPU.Build.0 = Release|Any CPU
		{0BC68D05-1DBF-4318-A6EA-573CCF387C63}.Debug|Any CPU.ActiveCfg = Debug|Any CPU
		{0BC68D05-1DBF-4318-A6EA-573CCF387C63}.Debug|Any CPU.Build.0 = Debug|Any CPU
		{0BC68D05-1DBF-4318-A6EA-573CCF387C63}.Release|Any CPU.ActiveCfg = Release|Any CPU
		{0BC68D05-1DBF-4318-A6EA-573CCF387C63}.Release|Any CPU.Build.0 = Release|Any CPU
		{1DC3CCB3-FBF3-43F9-A683-89C5313978BF}.Debug|Any CPU.ActiveCfg = Debug|Any CPU
		{1DC3CCB3-FBF3-43F9-A683-89C5313978BF}.Debug|Any CPU.Build.0 = Debug|Any CPU
		{1DC3CCB3-FBF3-43F9-A683-89C5313978BF}.Release|Any CPU.ActiveCfg = Release|Any CPU
		{1DC3CCB3-FBF3-43F9-A683-89C5313978BF}.Release|Any CPU.Build.0 = Release|Any CPU
		{2AA2A70F-C7A2-4BDF-ADD3-B0333332A3F4}.Debug|Any CPU.ActiveCfg = Debug|Any CPU
		{2AA2A70F-C7A2-4BDF-ADD3-B0333332A3F4}.Debug|Any CPU.Build.0 = Debug|Any CPU
		{2AA2A70F-C7A2-4BDF-ADD3-B0333332A3F4}.Release|Any CPU.ActiveCfg = Release|Any CPU
		{2AA2A70F-C7A2-4BDF-ADD3-B0333332A3F4}.Release|Any CPU.Build.0 = Release|Any CPU
	EndGlobalSection
	GlobalSection(SolutionProperties) = preSolution
		HideSolutionNode = FALSE
	EndGlobalSection
	GlobalSection(NestedProjects) = preSolution
		{3C4BEC68-9BCF-47ED-882F-FF09ABF0F8FA} = {392D5863-506A-4205-B277-970E86DEA8DF}
		{FF697EA5-527C-415F-AD26-DDDC4A91FB79} = {392D5863-506A-4205-B277-970E86DEA8DF}
		{49D8FAF4-7D31-4EB6-996B-DA0E6C4DC63C} = {392D5863-506A-4205-B277-970E86DEA8DF}
		{8F8A8D58-B1FA-424A-9AAB-2018D43A4D41} = {392D5863-506A-4205-B277-970E86DEA8DF}
		{E2834B32-080B-4A9E-AEAA-FBCCA9FDDB4D} = {FF697EA5-527C-415F-AD26-DDDC4A91FB79}
		{CEF181C3-BE83-4399-9D91-DEEF10FC0FED} = {FF697EA5-527C-415F-AD26-DDDC4A91FB79}
		{AF1B8053-1EF1-4994-B27F-F9C5FC9E1B26} = {49D8FAF4-7D31-4EB6-996B-DA0E6C4DC63C}
		{0BC68D05-1DBF-4318-A6EA-573CCF387C63} = {49D8FAF4-7D31-4EB6-996B-DA0E6C4DC63C}
		{1DC3CCB3-FBF3-43F9-A683-89C5313978BF} = {8F8A8D58-B1FA-424A-9AAB-2018D43A4D41}
		{5E63EB36-5300-4E49-9A92-162CDAF0C5C1} = {392D5863-506A-4205-B277-970E86DEA8DF}
		{2AA2A70F-C7A2-4BDF-ADD3-B0333332A3F4} = {5E63EB36-5300-4E49-9A92-162CDAF0C5C1}
	EndGlobalSection
	GlobalSection(ExtensibilityGlobals) = postSolution
		SolutionGuid = {5F872579-FE55-42D3-8070-9AB3A69F6B84}
	EndGlobalSection
EndGlobal
